
Microsoft Visual Studio Solution File, Format Version 12.00
# Visual Studio Version 17
VisualStudioVersion = 17.3.32811.315
MinimumVisualStudioVersion = 10.0.40219.1
Project("{9A19103F-16F7-4668-BE54-9A1E7A4F7556}") = "TrayIconSample", "TrayIconSample\TrayIconSample.csproj", "{EBFA8512-1EA5-4D8C-B4AC-AB5B48A6D568}"
EndProject
Project("{9A19103F-16F7-4668-BE54-9A1E7A4F7556}") = "TrayIconSample.Desktop", "TrayIconSample.Desktop\TrayIconSample.Desktop.csproj", "{ABC31E74-02FF-46EB-B3B2-4E6AE43B456C}"
EndProject
Project("{2150E333-8FDC-42A3-9474-1A3956D46DE8}") = "Solution Items", "Solution Items", "{3DA99C4E-89E3-4049-9C22-0A7EC60D83D8}"
	ProjectSection(SolutionItems) = preProject
		Directory.Build.props = Directory.Build.props
	EndProjectSection
EndProject
Project("{FAE04EC0-301F-11D3-BF4B-00C04F79EFBC}") = "TrayIconSample.Android", "TrayIconSample.Android\TrayIconSample.Android.csproj", "{27F13490-82E8-4A5D-B605-F7293986AB69}"
EndProject
Project("{FAE04EC0-301F-11D3-BF4B-00C04F79EFBC}") = "TrayIconSample.Browser", "TrayIconSample.Browser\TrayIconSample.Browser.csproj", "{76B39431-0602-4749-A957-3546F0898BE9}"
EndProject
Project("{FAE04EC0-301F-11D3-BF4B-00C04F79EFBC}") = "TrayIconSample.iOS", "TrayIconSample.iOS\TrayIconSample.iOS.csproj", "{E9CC7660-007F-4F2C-B51A-805C8CA71AF6}"
EndProject
Global
	GlobalSection(SolutionConfigurationPlatforms) = preSolution
		Debug|Any CPU = Debug|Any CPU
		Release|Any CPU = Release|Any CPU
	EndGlobalSection
	GlobalSection(ProjectConfigurationPlatforms) = postSolution
		{EBFA8512-1EA5-4D8C-B4AC-AB5B48A6D568}.Debug|Any CPU.ActiveCfg = Debug|Any CPU
		{EBFA8512-1EA5-4D8C-B4AC-AB5B48A6D568}.Debug|Any CPU.Build.0 = Debug|Any CPU
		{EBFA8512-1EA5-4D8C-B4AC-AB5B48A6D568}.Release|Any CPU.ActiveCfg = Release|Any CPU
		{EBFA8512-1EA5-4D8C-B4AC-AB5B48A6D568}.Release|Any CPU.Build.0 = Release|Any CPU
		{ABC31E74-02FF-46EB-B3B2-4E6AE43B456C}.Debug|Any CPU.ActiveCfg = Debug|Any CPU
		{ABC31E74-02FF-46EB-B3B2-4E6AE43B456C}.Debug|Any CPU.Build.0 = Debug|Any CPU
		{ABC31E74-02FF-46EB-B3B2-4E6AE43B456C}.Release|Any CPU.ActiveCfg = Release|Any CPU
		{ABC31E74-02FF-46EB-B3B2-4E6AE43B456C}.Release|Any CPU.Build.0 = Release|Any CPU
		{27F13490-82E8-4A5D-B605-F7293986AB69}.Debug|Any CPU.ActiveCfg = Debug|Any CPU
		{27F13490-82E8-4A5D-B605-F7293986AB69}.Debug|Any CPU.Build.0 = Debug|Any CPU
		{27F13490-82E8-4A5D-B605-F7293986AB69}.Release|Any CPU.ActiveCfg = Release|Any CPU
		{27F13490-82E8-4A5D-B605-F7293986AB69}.Release|Any CPU.Build.0 = Release|Any CPU
		{76B39431-0602-4749-A957-3546F0898BE9}.Debug|Any CPU.ActiveCfg = Debug|Any CPU
		{76B39431-0602-4749-A957-3546F0898BE9}.Debug|Any CPU.Build.0 = Debug|Any CPU
		{76B39431-0602-4749-A957-3546F0898BE9}.Release|Any CPU.ActiveCfg = Release|Any CPU
		{76B39431-0602-4749-A957-3546F0898BE9}.Release|Any CPU.Build.0 = Release|Any CPU
		{E9CC7660-007F-4F2C-B51A-805C8CA71AF6}.Debug|Any CPU.ActiveCfg = Debug|Any CPU
		{E9CC7660-007F-4F2C-B51A-805C8CA71AF6}.Debug|Any CPU.Build.0 = Debug|Any CPU
		{E9CC7660-007F-4F2C-B51A-805C8CA71AF6}.Release|Any CPU.ActiveCfg = Release|Any CPU
		{E9CC7660-007F-4F2C-B51A-805C8CA71AF6}.Release|Any CPU.Build.0 = Release|Any CPU
	EndGlobalSection
	GlobalSection(SolutionProperties) = preSolution
		HideSolutionNode = FALSE
	EndGlobalSection
	GlobalSection(ExtensibilityGlobals) = postSolution
		SolutionGuid = {83CB65B8-011F-4ED7-BCD3-A6CFA935EF7E}
	EndGlobalSection
EndGlobal
